// !$*UTF8*$!
{
	archiveVersion = 1;
	classes = {
	};
	objectVersion = 56;
	objects = {

/* Begin PBXBuildFile section */
		78DBE3F4293AE6B90006AE36 /* AppDelegate.swift in Sources */ = {isa = PBXBuildFile; fileRef = 78DBE3F3293AE6B90006AE36 /* AppDelegate.swift */; };
		78DBE3F8293AE6B90006AE36 /* WelcomeViewController.swift in Sources */ = {isa = PBXBuildFile; fileRef = 78DBE3F7293AE6B90006AE36 /* WelcomeViewController.swift */; };
		78DBE3FD293AE6C30006AE36 /* Assets.xcassets in Resources */ = {isa = PBXBuildFile; fileRef = 78DBE3FC293AE6C30006AE36 /* Assets.xcassets */; };
		78DBE400293AE6C30006AE36 /* LaunchScreen.storyboard in Resources */ = {isa = PBXBuildFile; fileRef = 78DBE3FE293AE6C30006AE36 /* LaunchScreen.storyboard */; };
		78DBE414293AF91D0006AE36 /* MainButton.swift in Sources */ = {isa = PBXBuildFile; fileRef = 78DBE413293AF91D0006AE36 /* MainButton.swift */; };
		78DBE417293AF9590006AE36 /* Colors.swift in Sources */ = {isa = PBXBuildFile; fileRef = 78DBE416293AF9590006AE36 /* Colors.swift */; };
		78DBE419293AFA130006AE36 /* Haptic.swift in Sources */ = {isa = PBXBuildFile; fileRef = 78DBE418293AFA130006AE36 /* Haptic.swift */; };
		78DBE41C293BA10D0006AE36 /* VideoPlayer.swift in Sources */ = {isa = PBXBuildFile; fileRef = 78DBE41B293BA10C0006AE36 /* VideoPlayer.swift */; };
		78DBE41E293BAABE0006AE36 /* AboutRadva.swift in Sources */ = {isa = PBXBuildFile; fileRef = 78DBE41D293BAABE0006AE36 /* AboutRadva.swift */; };
/* End PBXBuildFile section */

/* Begin PBXFileReference section */
		78DBE3F0293AE6B90006AE36 /* Radva.app */ = {isa = PBXFileReference; explicitFileType = wrapper.application; includeInIndex = 0; path = Radva.app; sourceTree = BUILT_PRODUCTS_DIR; };
		78DBE3F3293AE6B90006AE36 /* AppDelegate.swift */ = {isa = PBXFileReference; lastKnownFileType = sourcecode.swift; path = AppDelegate.swift; sourceTree = "<group>"; };
		78DBE3F7293AE6B90006AE36 /* WelcomeViewController.swift */ = {isa = PBXFileReference; lastKnownFileType = sourcecode.swift; path = WelcomeViewController.swift; sourceTree = "<group>"; };
		78DBE3FC293AE6C30006AE36 /* Assets.xcassets */ = {isa = PBXFileReference; lastKnownFileType = folder.assetcatalog; path = Assets.xcassets; sourceTree = "<group>"; };
		78DBE3FF293AE6C30006AE36 /* Base */ = {isa = PBXFileReference; lastKnownFileType = file.storyboard; name = Base; path = Base.lproj/LaunchScreen.storyboard; sourceTree = "<group>"; };
		78DBE401293AE6C40006AE36 /* Info.plist */ = {isa = PBXFileReference; lastKnownFileType = text.plist.xml; path = Info.plist; sourceTree = "<group>"; };
		78DBE413293AF91D0006AE36 /* MainButton.swift */ = {isa = PBXFileReference; lastKnownFileType = sourcecode.swift; path = MainButton.swift; sourceTree = "<group>"; };
		78DBE416293AF9590006AE36 /* Colors.swift */ = {isa = PBXFileReference; lastKnownFileType = sourcecode.swift; path = Colors.swift; sourceTree = "<group>"; };
		78DBE418293AFA130006AE36 /* Haptic.swift */ = {isa = PBXFileReference; lastKnownFileType = sourcecode.swift; path = Haptic.swift; sourceTree = "<group>"; };
		78DBE41B293BA10C0006AE36 /* VideoPlayer.swift */ = {isa = PBXFileReference; lastKnownFileType = sourcecode.swift; path = VideoPlayer.swift; sourceTree = "<group>"; };
		78DBE41D293BAABE0006AE36 /* AboutRadva.swift */ = {isa = PBXFileReference; lastKnownFileType = sourcecode.swift; path = AboutRadva.swift; sourceTree = "<group>"; };
/* End PBXFileReference section */

/* Begin PBXFrameworksBuildPhase section */
		78DBE3ED293AE6B90006AE36 /* Frameworks */ = {
			isa = PBXFrameworksBuildPhase;
			buildActionMask = 2147483647;
			files = (
			);
			runOnlyForDeploymentPostprocessing = 0;
		};
/* End PBXFrameworksBuildPhase section */

/* Begin PBXGroup section */
		78DBE3E7293AE6B90006AE36 = {
			isa = PBXGroup;
			children = (
				78DBE3F2293AE6B90006AE36 /* Radva */,
				78DBE3F1293AE6B90006AE36 /* Products */,
			);
			sourceTree = "<group>";
		};
		78DBE3F1293AE6B90006AE36 /* Products */ = {
			isa = PBXGroup;
			children = (
				78DBE3F0293AE6B90006AE36 /* Radva.app */,
			);
			name = Products;
			sourceTree = "<group>";
		};
		78DBE3F2293AE6B90006AE36 /* Radva */ = {
			isa = PBXGroup;
			children = (
				78DBE3F3293AE6B90006AE36 /* AppDelegate.swift */,
				78DBE41A293AFA1C0006AE36 /* Utils */,
				78DBE415293AF9500006AE36 /* Extensions */,
				78DBE412293AF8DC0006AE36 /* Components */,
				78DBE41F293BACEA0006AE36 /* Screens */,
				78DBE3FC293AE6C30006AE36 /* Assets.xcassets */,
				78DBE3FE293AE6C30006AE36 /* LaunchScreen.storyboard */,
				78DBE401293AE6C40006AE36 /* Info.plist */,
			);
			path = Radva;
			sourceTree = "<group>";
		};
		78DBE412293AF8DC0006AE36 /* Components */ = {
			isa = PBXGroup;
			children = (
				78DBE413293AF91D0006AE36 /* MainButton.swift */,
			);
			path = Components;
			sourceTree = "<group>";
		};
		78DBE415293AF9500006AE36 /* Extensions */ = {
			isa = PBXGroup;
			children = (
				78DBE416293AF9590006AE36 /* Colors.swift */,
			);
			path = Extensions;
			sourceTree = "<group>";
		};
		78DBE41A293AFA1C0006AE36 /* Utils */ = {
			isa = PBXGroup;
			children = (
				78DBE418293AFA130006AE36 /* Haptic.swift */,
				78DBE41B293BA10C0006AE36 /* VideoPlayer.swift */,
			);
			path = Utils;
			sourceTree = "<group>";
		};
		78DBE41F293BACEA0006AE36 /* Screens */ = {
			isa = PBXGroup;
			children = (
				78DBE3F7293AE6B90006AE36 /* WelcomeViewController.swift */,
				78DBE41D293BAABE0006AE36 /* AboutRadva.swift */,
			);
			path = Screens;
			sourceTree = "<group>";
		};
/* End PBXGroup section */

/* Begin PBXNativeTarget section */
		78DBE3EF293AE6B90006AE36 /* Radva */ = {
			isa = PBXNativeTarget;
			buildConfigurationList = 78DBE404293AE6C40006AE36 /* Build configuration list for PBXNativeTarget "Radva" */;
			buildPhases = (
				78DBE3EC293AE6B90006AE36 /* Sources */,
				78DBE3ED293AE6B90006AE36 /* Frameworks */,
				78DBE3EE293AE6B90006AE36 /* Resources */,
			);
			buildRules = (
			);
			dependencies = (
			);
			name = Radva;
			productName = Radva;
			productReference = 78DBE3F0293AE6B90006AE36 /* Radva.app */;
			productType = "com.apple.product-type.application";
		};
/* End PBXNativeTarget section */

/* Begin PBXProject section */
		78DBE3E8293AE6B90006AE36 /* Project object */ = {
			isa = PBXProject;
			attributes = {
				BuildIndependentTargetsInParallel = 1;
				LastSwiftUpdateCheck = 1410;
				LastUpgradeCheck = 1410;
				TargetAttributes = {
					78DBE3EF293AE6B90006AE36 = {
						CreatedOnToolsVersion = 14.1;
					};
				};
			};
			buildConfigurationList = 78DBE3EB293AE6B90006AE36 /* Build configuration list for PBXProject "Radva" */;
			compatibilityVersion = "Xcode 14.0";
			developmentRegion = en;
			hasScannedForEncodings = 0;
			knownRegions = (
				en,
				Base,
			);
			mainGroup = 78DBE3E7293AE6B90006AE36;
			productRefGroup = 78DBE3F1293AE6B90006AE36 /* Products */;
			projectDirPath = "";
			projectRoot = "";
			targets = (
				78DBE3EF293AE6B90006AE36 /* Radva */,
			);
		};
/* End PBXProject section */

/* Begin PBXResourcesBuildPhase section */
		78DBE3EE293AE6B90006AE36 /* Resources */ = {
			isa = PBXResourcesBuildPhase;
			buildActionMask = 2147483647;
			files = (
				78DBE400293AE6C30006AE36 /* LaunchScreen.storyboard in Resources */,
				78DBE3FD293AE6C30006AE36 /* Assets.xcassets in Resources */,
			);
			runOnlyForDeploymentPostprocessing = 0;
		};
/* End PBXResourcesBuildPhase section */

/* Begin PBXSourcesBuildPhase section */
		78DBE3EC293AE6B90006AE36 /* Sources */ = {
			isa = PBXSourcesBuildPhase;
			buildActionMask = 2147483647;
			files = (
				78DBE419293AFA130006AE36 /* Haptic.swift in Sources */,
				78DBE3F8293AE6B90006AE36 /* WelcomeViewController.swift in Sources */,
				78DBE41E293BAABE0006AE36 /* AboutRadva.swift in Sources */,
				78DBE41C293BA10D0006AE36 /* VideoPlayer.swift in Sources */,
				78DBE417293AF9590006AE36 /* Colors.swift in Sources */,
				78DBE3F4293AE6B90006AE36 /* AppDelegate.swift in Sources */,
				78DBE414293AF91D0006AE36 /* MainButton.swift in Sources */,
			);
			runOnlyForDeploymentPostprocessing = 0;
		};
/* End PBXSourcesBuildPhase section */

/* Begin PBXVariantGroup section */
		78DBE3FE293AE6C30006AE36 /* LaunchScreen.storyboard */ = {
			isa = PBXVariantGroup;
			children = (
				78DBE3FF293AE6C30006AE36 /* Base */,
			);
			name = LaunchScreen.storyboard;
			sourceTree = "<group>";
		};
/* End PBXVariantGroup section */

/* Begin XCBuildConfiguration section */
		78DBE402293AE6C40006AE36 /* Debug */ = {
			isa = XCBuildConfiguration;
			buildSettings = {
				ALWAYS_SEARCH_USER_PATHS = NO;
				CLANG_ANALYZER_NONNULL = YES;
				CLANG_ANALYZER_NUMBER_OBJECT_CONVERSION = YES_AGGRESSIVE;
				CLANG_CXX_LANGUAGE_STANDARD = "gnu++20";
				CLANG_ENABLE_MODULES = YES;
				CLANG_ENABLE_OBJC_ARC = YES;
				CLANG_ENABLE_OBJC_WEAK = YES;
				CLANG_WARN_BLOCK_CAPTURE_AUTORELEASING = YES;
				CLANG_WARN_BOOL_CONVERSION = YES;
				CLANG_WARN_COMMA = YES;
				CLANG_WARN_CONSTANT_CONVERSION = YES;
				CLANG_WARN_DEPRECATED_OBJC_IMPLEMENTATIONS = YES;
				CLANG_WARN_DIRECT_OBJC_ISA_USAGE = YES_ERROR;
				CLANG_WARN_DOCUMENTATION_COMMENTS = YES;
				CLANG_WARN_EMPTY_BODY = YES;
				CLANG_WARN_ENUM_CONVERSION = YES;
				CLANG_WARN_INFINITE_RECURSION = YES;
				CLANG_WARN_INT_CONVERSION = YES;
				CLANG_WARN_NON_LITERAL_NULL_CONVERSION = YES;
				CLANG_WARN_OBJC_IMPLICIT_RETAIN_SELF = YES;
				CLANG_WARN_OBJC_LITERAL_CONVERSION = YES;
				CLANG_WARN_OBJC_ROOT_CLASS = YES_ERROR;
				CLANG_WARN_QUOTED_INCLUDE_IN_FRAMEWORK_HEADER = YES;
				CLANG_WARN_RANGE_LOOP_ANALYSIS = YES;
				CLANG_WARN_STRICT_PROTOTYPES = YES;
				CLANG_WARN_SUSPICIOUS_MOVE = YES;
				CLANG_WARN_UNGUARDED_AVAILABILITY = YES_AGGRESSIVE;
				CLANG_WARN_UNREACHABLE_CODE = YES;
				CLANG_WARN__DUPLICATE_METHOD_MATCH = YES;
				COPY_PHASE_STRIP = NO;
				DEBUG_INFORMATION_FORMAT = dwarf;
				ENABLE_STRICT_OBJC_MSGSEND = YES;
				ENABLE_TESTABILITY = YES;
				GCC_C_LANGUAGE_STANDARD = gnu11;
				GCC_DYNAMIC_NO_PIC = NO;
				GCC_NO_COMMON_BLOCKS = YES;
				GCC_OPTIMIZATION_LEVEL = 0;
				GCC_PREPROCESSOR_DEFINITIONS = (
					"DEBUG=1",
					"$(inherited)",
				);
				GCC_WARN_64_TO_32_BIT_CONVERSION = YES;
				GCC_WARN_ABOUT_RETURN_TYPE = YES_ERROR;
				GCC_WARN_UNDECLARED_SELECTOR = YES;
				GCC_WARN_UNINITIALIZED_AUTOS = YES_AGGRESSIVE;
				GCC_WARN_UNUSED_FUNCTION = YES;
				GCC_WARN_UNUSED_VARIABLE = YES;
				IPHONEOS_DEPLOYMENT_TARGET = 16.1;
				MTL_ENABLE_DEBUG_INFO = INCLUDE_SOURCE;
				MTL_FAST_MATH = YES;
				ONLY_ACTIVE_ARCH = YES;
				SDKROOT = iphoneos;
				SWIFT_ACTIVE_COMPILATION_CONDITIONS = DEBUG;
				SWIFT_OPTIMIZATION_LEVEL = "-Onone";
			};
			name = Debug;
		};
		78DBE403293AE6C40006AE36 /* Release */ = {
			isa = XCBuildConfiguration;
			buildSettings = {
				ALWAYS_SEARCH_USER_PATHS = NO;
				CLANG_ANALYZER_NONNULL = YES;
				CLANG_ANALYZER_NUMBER_OBJECT_CONVERSION = YES_AGGRESSIVE;
				CLANG_CXX_LANGUAGE_STANDARD = "gnu++20";
				CLANG_ENABLE_MODULES = YES;
				CLANG_ENABLE_OBJC_ARC = YES;
				CLANG_ENABLE_OBJC_WEAK = YES;
				CLANG_WARN_BLOCK_CAPTURE_AUTORELEASING = YES;
				CLANG_WARN_BOOL_CONVERSION = YES;
				CLANG_WARN_COMMA = YES;
				CLANG_WARN_CONSTANT_CONVERSION = YES;
				CLANG_WARN_DEPRECATED_OBJC_IMPLEMENTATIONS = YES;
				CLANG_WARN_DIRECT_OBJC_ISA_USAGE = YES_ERROR;
				CLANG_WARN_DOCUMENTATION_COMMENTS = YES;
				CLANG_WARN_EMPTY_BODY = YES;
				CLANG_WARN_ENUM_CONVERSION = YES;
				CLANG_WARN_INFINITE_RECURSION = YES;
				CLANG_WARN_INT_CONVERSION = YES;
				CLANG_WARN_NON_LITERAL_NULL_CONVERSION = YES;
				CLANG_WARN_OBJC_IMPLICIT_RETAIN_SELF = YES;
				CLANG_WARN_OBJC_LITERAL_CONVERSION = YES;
				CLANG_WARN_OBJC_ROOT_CLASS = YES_ERROR;
				CLANG_WARN_QUOTED_INCLUDE_IN_FRAMEWORK_HEADER = YES;
				CLANG_WARN_RANGE_LOOP_ANALYSIS = YES;
				CLANG_WARN_STRICT_PROTOTYPES = YES;
				CLANG_WARN_SUSPICIOUS_MOVE = YES;
				CLANG_WARN_UNGUARDED_AVAILABILITY = YES_AGGRESSIVE;
				CLANG_WARN_UNREACHABLE_CODE = YES;
				CLANG_WARN__DUPLICATE_METHOD_MATCH = YES;
				COPY_PHASE_STRIP = NO;
				DEBUG_INFORMATION_FORMAT = "dwarf-with-dsym";
				ENABLE_NS_ASSERTIONS = NO;
				ENABLE_STRICT_OBJC_MSGSEND = YES;
				GCC_C_LANGUAGE_STANDARD = gnu11;
				GCC_NO_COMMON_BLOCKS = YES;
				GCC_WARN_64_TO_32_BIT_CONVERSION = YES;
				GCC_WARN_ABOUT_RETURN_TYPE = YES_ERROR;
				GCC_WARN_UNDECLARED_SELECTOR = YES;
				GCC_WARN_UNINITIALIZED_AUTOS = YES_AGGRESSIVE;
				GCC_WARN_UNUSED_FUNCTION = YES;
				GCC_WARN_UNUSED_VARIABLE = YES;
				IPHONEOS_DEPLOYMENT_TARGET = 16.1;
				MTL_ENABLE_DEBUG_INFO = NO;
				MTL_FAST_MATH = YES;
				SDKROOT = iphoneos;
				SWIFT_COMPILATION_MODE = wholemodule;
				SWIFT_OPTIMIZATION_LEVEL = "-O";
				VALIDATE_PRODUCT = YES;
			};
			name = Release;
		};
		78DBE405293AE6C40006AE36 /* Debug */ = {
			isa = XCBuildConfiguration;
			buildSettings = {
				ASSETCATALOG_COMPILER_APPICON_NAME = AppIcon;
				ASSETCATALOG_COMPILER_GLOBAL_ACCENT_COLOR_NAME = AccentColor;
				CODE_SIGN_STYLE = Automatic;
				CURRENT_PROJECT_VERSION = 1;
				DEVELOPMENT_TEAM = ZH735L9VC9;
				GENERATE_INFOPLIST_FILE = YES;
				INFOPLIST_FILE = Radva/Info.plist;
				INFOPLIST_KEY_UIApplicationSupportsIndirectInputEvents = YES;
				INFOPLIST_KEY_UILaunchStoryboardName = LaunchScreen;
				INFOPLIST_KEY_UISupportedInterfaceOrientations = UIInterfaceOrientationPortrait;
				INFOPLIST_KEY_UISupportedInterfaceOrientations_iPad = "UIInterfaceOrientationLandscapeLeft UIInterfaceOrientationLandscapeRight UIInterfaceOrientationPortrait UIInterfaceOrientationPortraitUpsideDown";
				IPHONEOS_DEPLOYMENT_TARGET = 15.0;
				LD_RUNPATH_SEARCH_PATHS = (
					"$(inherited)",
					"@executable_path/Frameworks",
				);
				MARKETING_VERSION = 1.0;
				PRODUCT_BUNDLE_IDENTIFIER = "Jorge-Zapata.Radva";
				PRODUCT_NAME = "$(TARGET_NAME)";
				SWIFT_EMIT_LOC_STRINGS = YES;
				SWIFT_VERSION = 5.0;
				TARGETED_DEVICE_FAMILY = "1,2";
			};
			name = Debug;
		};
		78DBE406293AE6C40006AE36 /* Release */ = {
			isa = XCBuildConfiguration;
			buildSettings = {
				ASSETCATALOG_COMPILER_APPICON_NAME = AppIcon;
				ASSETCATALOG_COMPILER_GLOBAL_ACCENT_COLOR_NAME = AccentColor;
				CODE_SIGN_STYLE = Automatic;
				CURRENT_PROJECT_VERSION = 1;
				DEVELOPMENT_TEAM = ZH735L9VC9;
				GENERATE_INFOPLIST_FILE = YES;
				INFOPLIST_FILE = Radva/Info.plist;
				INFOPLIST_KEY_UIApplicationSupportsIndirectInputEvents = YES;
				INFOPLIST_KEY_UILaunchStoryboardName = LaunchScreen;
				INFOPLIST_KEY_UISupportedInterfaceOrientations = UIInterfaceOrientationPortrait;
				INFOPLIST_KEY_UISupportedInterfaceOrientations_iPad = "UIInterfaceOrientationLandscapeLeft UIInterfaceOrientationLandscapeRight UIInterfaceOrientationPortrait UIInterfaceOrientationPortraitUpsideDown";
				IPHONEOS_DEPLOYMENT_TARGET = 15.0;
				LD_RUNPATH_SEARCH_PATHS = (
					"$(inherited)",
					"@executable_path/Frameworks",
				);
				MARKETING_VERSION = 1.0;
				PRODUCT_BUNDLE_IDENTIFIER = "Jorge-Zapata.Radva";
				PRODUCT_NAME = "$(TARGET_NAME)";
				SWIFT_EMIT_LOC_STRINGS = YES;
				SWIFT_VERSION = 5.0;
				TARGETED_DEVICE_FAMILY = "1,2";
			};
			name = Release;
		};
/* End XCBuildConfiguration section */

/* Begin XCConfigurationList section */
		78DBE3EB293AE6B90006AE36 /* Build configuration list for PBXProject "Radva" */ = {
			isa = XCConfigurationList;
			buildConfigurations = (
				78DBE402293AE6C40006AE36 /* Debug */,
				78DBE403293AE6C40006AE36 /* Release */,
			);
			defaultConfigurationIsVisible = 0;
			defaultConfigurationName = Release;
		};
		78DBE404293AE6C40006AE36 /* Build configuration list for PBXNativeTarget "Radva" */ = {
			isa = XCConfigurationList;
			buildConfigurations = (
				78DBE405293AE6C40006AE36 /* Debug */,
				78DBE406293AE6C40006AE36 /* Release */,
			);
			defaultConfigurationIsVisible = 0;
			defaultConfigurationName = Release;
		};
/* End XCConfigurationList section */
	};
	rootObject = 78DBE3E8293AE6B90006AE36 /* Project object */;
}
